
Microsoft Visual Studio Solution File, Format Version 12.00
# Visual Studio Version 17
VisualStudioVersion = 17.13.35919.96 d17.13
MinimumVisualStudioVersion = 10.0.40219.1
Project("{FAE04EC0-301F-11D3-BF4B-00C04F79EFBC}") = "PPRN232_SE1728_A01_BE", "PPRN232_SE1728_A01_BE\PPRN232_SE1728_A01_BE.csproj", "{19CD326B-59EA-4C2B-99EA-18DDE13C97FF}"
EndProject
Project("{FAE04EC0-301F-11D3-BF4B-00C04F79EFBC}") = "Repositories", "Repositories\Repositories.csproj", "{DD5B53A6-EFEF-407C-B067-D6CC830A144F}"
EndProject
Project("{FAE04EC0-301F-11D3-BF4B-00C04F79EFBC}") = "Services", "Services\Services.csproj", "{B93BDACF-9A3F-44DD-A981-291F3D495B38}"
EndProject
Project("{FAE04EC0-301F-11D3-BF4B-00C04F79EFBC}") = "Infrastructure", "Infrastructure\Infrastructure.csproj", "{BFF35B0A-F319-4A71-A3F6-B82DE23CDF5C}"
EndProject
Project("{FAE04EC0-301F-11D3-BF4B-00C04F79EFBC}") = "Core", "Core\Core.csproj", "{17C822E8-6600-4681-86C3-D92D97BBA729}"
EndProject
Global
	GlobalSection(SolutionConfigurationPlatforms) = preSolution
		Debug|Any CPU = Debug|Any CPU
		Release|Any CPU = Release|Any CPU
	EndGlobalSection
	GlobalSection(ProjectConfigurationPlatforms) = postSolution
		{19CD326B-59EA-4C2B-99EA-18DDE13C97FF}.Debug|Any CPU.ActiveCfg = Debug|Any CPU
		{19CD326B-59EA-4C2B-99EA-18DDE13C97FF}.Debug|Any CPU.Build.0 = Debug|Any CPU
		{19CD326B-59EA-4C2B-99EA-18DDE13C97FF}.Release|Any CPU.ActiveCfg = Release|Any CPU
		{19CD326B-59EA-4C2B-99EA-18DDE13C97FF}.Release|Any CPU.Build.0 = Release|Any CPU
		{DD5B53A6-EFEF-407C-B067-D6CC830A144F}.Debug|Any CPU.ActiveCfg = Debug|Any CPU
		{DD5B53A6-EFEF-407C-B067-D6CC830A144F}.Debug|Any CPU.Build.0 = Debug|Any CPU
		{DD5B53A6-EFEF-407C-B067-D6CC830A144F}.Release|Any CPU.ActiveCfg = Release|Any CPU
		{DD5B53A6-EFEF-407C-B067-D6CC830A144F}.Release|Any CPU.Build.0 = Release|Any CPU
		{B93BDACF-9A3F-44DD-A981-291F3D495B38}.Debug|Any CPU.ActiveCfg = Debug|Any CPU
		{B93BDACF-9A3F-44DD-A981-291F3D495B38}.Debug|Any CPU.Build.0 = Debug|Any CPU
		{B93BDACF-9A3F-44DD-A981-291F3D495B38}.Release|Any CPU.ActiveCfg = Release|Any CPU
		{B93BDACF-9A3F-44DD-A981-291F3D495B38}.Release|Any CPU.Build.0 = Release|Any CPU
		{BFF35B0A-F319-4A71-A3F6-B82DE23CDF5C}.Debug|Any CPU.ActiveCfg = Debug|Any CPU
		{BFF35B0A-F319-4A71-A3F6-B82DE23CDF5C}.Debug|Any CPU.Build.0 = Debug|Any CPU
		{BFF35B0A-F319-4A71-A3F6-B82DE23CDF5C}.Release|Any CPU.ActiveCfg = Release|Any CPU
		{BFF35B0A-F319-4A71-A3F6-B82DE23CDF5C}.Release|Any CPU.Build.0 = Release|Any CPU
		{17C822E8-6600-4681-86C3-D92D97BBA729}.Debug|Any CPU.ActiveCfg = Debug|Any CPU
		{17C822E8-6600-4681-86C3-D92D97BBA729}.Debug|Any CPU.Build.0 = Debug|Any CPU
		{17C822E8-6600-4681-86C3-D92D97BBA729}.Release|Any CPU.ActiveCfg = Release|Any CPU
		{17C822E8-6600-4681-86C3-D92D97BBA729}.Release|Any CPU.Build.0 = Release|Any CPU
	EndGlobalSection
	GlobalSection(SolutionProperties) = preSolution
		HideSolutionNode = FALSE
	EndGlobalSection
	GlobalSection(ExtensibilityGlobals) = postSolution
		SolutionGuid = {6F9837C7-38C7-459D-BA8B-E8A09B63F4C6}
	EndGlobalSection
EndGlobal
